
Microsoft Visual Studio Solution File, Format Version 12.00
# Visual Studio Version 17
VisualStudioVersion = 17.0.31903.59
MinimumVisualStudioVersion = 10.0.40219.1
Project("{FAE04EC0-301F-11D3-BF4B-00C04F79EFBC}") = "PocxWallet.Core", "PocxWallet.Core\PocxWallet.Core.csproj", "{8D5703C6-6449-414D-82C5-7AED8D669942}"
EndProject
Project("{FAE04EC0-301F-11D3-BF4B-00C04F79EFBC}") = "PocxWallet.Cli", "PocxWallet.Cli\PocxWallet.Cli.csproj", "{F5FBE2DA-2C6D-4C8F-8F38-B5F7D41AFBB7}"
EndProject
Project("{FAE04EC0-301F-11D3-BF4B-00C04F79EFBC}") = "PocxWallet.Protocol", "PocxWallet.Protocol\PocxWallet.Protocol.csproj", "{7C50A2A7-9F11-48F6-8519-6E350C9A78F9}"
EndProject
Project("{FAE04EC0-301F-11D3-BF4B-00C04F79EFBC}") = "PocxWallet.Mining", "PocxWallet.Mining\PocxWallet.Mining.csproj", "{3FBD9F31-571F-4A2A-AC4D-17EB405C8DD2}"
EndProject
Project("{2150E333-8FDC-42A3-9474-1A3956D46DE8}") = "PocxWallet.UI", "PocxWallet.UI", "{53097AF4-39D2-4501-321F-6F8206B82F7D}"
EndProject
Project("{FAE04EC0-301F-11D3-BF4B-00C04F79EFBC}") = "PocxWallet.UI", "PocxWallet.UI\PocxWallet.UI\PocxWallet.UI.csproj", "{DC493AB5-AFE1-49F5-B257-93F985C120DD}"
EndProject
Project("{FAE04EC0-301F-11D3-BF4B-00C04F79EFBC}") = "PocxWallet.UI.Desktop", "PocxWallet.UI\PocxWallet.UI.Desktop\PocxWallet.UI.Desktop.csproj", "{533840EF-F46C-4646-95D6-0C41F6E3ABDD}"
EndProject
Project("{FAE04EC0-301F-11D3-BF4B-00C04F79EFBC}") = "PocxWallet.UI.Android", "PocxWallet.UI\PocxWallet.UI.Android\PocxWallet.UI.Android.csproj", "{06F5585F-06F5-43F6-9B8C-4FF02282322B}"
EndProject
Project("{FAE04EC0-301F-11D3-BF4B-00C04F79EFBC}") = "PocxWallet.UI.iOS", "PocxWallet.UI\PocxWallet.UI.iOS\PocxWallet.UI.iOS.csproj", "{902A3559-4458-4A30-9974-6F53A6DFC8E6}"
EndProject
Global
	GlobalSection(SolutionConfigurationPlatforms) = preSolution
		Debug|Any CPU = Debug|Any CPU
		Debug|x64 = Debug|x64
		Debug|x86 = Debug|x86
		Release|Any CPU = Release|Any CPU
		Release|x64 = Release|x64
		Release|x86 = Release|x86
	EndGlobalSection
	GlobalSection(ProjectConfigurationPlatforms) = postSolution
		{8D5703C6-6449-414D-82C5-7AED8D669942}.Debug|Any CPU.ActiveCfg = Debug|Any CPU
		{8D5703C6-6449-414D-82C5-7AED8D669942}.Debug|Any CPU.Build.0 = Debug|Any CPU
		{8D5703C6-6449-414D-82C5-7AED8D669942}.Debug|x64.ActiveCfg = Debug|Any CPU
		{8D5703C6-6449-414D-82C5-7AED8D669942}.Debug|x64.Build.0 = Debug|Any CPU
		{8D5703C6-6449-414D-82C5-7AED8D669942}.Debug|x86.ActiveCfg = Debug|Any CPU
		{8D5703C6-6449-414D-82C5-7AED8D669942}.Debug|x86.Build.0 = Debug|Any CPU
		{8D5703C6-6449-414D-82C5-7AED8D669942}.Release|Any CPU.ActiveCfg = Release|Any CPU
		{8D5703C6-6449-414D-82C5-7AED8D669942}.Release|Any CPU.Build.0 = Release|Any CPU
		{8D5703C6-6449-414D-82C5-7AED8D669942}.Release|x64.ActiveCfg = Release|Any CPU
		{8D5703C6-6449-414D-82C5-7AED8D669942}.Release|x64.Build.0 = Release|Any CPU
		{8D5703C6-6449-414D-82C5-7AED8D669942}.Release|x86.ActiveCfg = Release|Any CPU
		{8D5703C6-6449-414D-82C5-7AED8D669942}.Release|x86.Build.0 = Release|Any CPU
		{F5FBE2DA-2C6D-4C8F-8F38-B5F7D41AFBB7}.Debug|Any CPU.ActiveCfg = Debug|Any CPU
		{F5FBE2DA-2C6D-4C8F-8F38-B5F7D41AFBB7}.Debug|Any CPU.Build.0 = Debug|Any CPU
		{F5FBE2DA-2C6D-4C8F-8F38-B5F7D41AFBB7}.Debug|x64.ActiveCfg = Debug|Any CPU
		{F5FBE2DA-2C6D-4C8F-8F38-B5F7D41AFBB7}.Debug|x64.Build.0 = Debug|Any CPU
		{F5FBE2DA-2C6D-4C8F-8F38-B5F7D41AFBB7}.Debug|x86.ActiveCfg = Debug|Any CPU
		{F5FBE2DA-2C6D-4C8F-8F38-B5F7D41AFBB7}.Debug|x86.Build.0 = Debug|Any CPU
		{F5FBE2DA-2C6D-4C8F-8F38-B5F7D41AFBB7}.Release|Any CPU.ActiveCfg = Release|Any CPU
		{F5FBE2DA-2C6D-4C8F-8F38-B5F7D41AFBB7}.Release|Any CPU.Build.0 = Release|Any CPU
		{F5FBE2DA-2C6D-4C8F-8F38-B5F7D41AFBB7}.Release|x64.ActiveCfg = Release|Any CPU
		{F5FBE2DA-2C6D-4C8F-8F38-B5F7D41AFBB7}.Release|x64.Build.0 = Release|Any CPU
		{F5FBE2DA-2C6D-4C8F-8F38-B5F7D41AFBB7}.Release|x86.ActiveCfg = Release|Any CPU
		{F5FBE2DA-2C6D-4C8F-8F38-B5F7D41AFBB7}.Release|x86.Build.0 = Release|Any CPU
		{7C50A2A7-9F11-48F6-8519-6E350C9A78F9}.Debug|Any CPU.ActiveCfg = Debug|Any CPU
		{7C50A2A7-9F11-48F6-8519-6E350C9A78F9}.Debug|Any CPU.Build.0 = Debug|Any CPU
		{7C50A2A7-9F11-48F6-8519-6E350C9A78F9}.Debug|x64.ActiveCfg = Debug|Any CPU
		{7C50A2A7-9F11-48F6-8519-6E350C9A78F9}.Debug|x64.Build.0 = Debug|Any CPU
		{7C50A2A7-9F11-48F6-8519-6E350C9A78F9}.Debug|x86.ActiveCfg = Debug|Any CPU
		{7C50A2A7-9F11-48F6-8519-6E350C9A78F9}.Debug|x86.Build.0 = Debug|Any CPU
		{7C50A2A7-9F11-48F6-8519-6E350C9A78F9}.Release|Any CPU.ActiveCfg = Release|Any CPU
		{7C50A2A7-9F11-48F6-8519-6E350C9A78F9}.Release|Any CPU.Build.0 = Release|Any CPU
		{7C50A2A7-9F11-48F6-8519-6E350C9A78F9}.Release|x64.ActiveCfg = Release|Any CPU
		{7C50A2A7-9F11-48F6-8519-6E350C9A78F9}.Release|x64.Build.0 = Release|Any CPU
		{7C50A2A7-9F11-48F6-8519-6E350C9A78F9}.Release|x86.ActiveCfg = Release|Any CPU
		{7C50A2A7-9F11-48F6-8519-6E350C9A78F9}.Release|x86.Build.0 = Release|Any CPU
		{3FBD9F31-571F-4A2A-AC4D-17EB405C8DD2}.Debug|Any CPU.ActiveCfg = Debug|Any CPU
		{3FBD9F31-571F-4A2A-AC4D-17EB405C8DD2}.Debug|Any CPU.Build.0 = Debug|Any CPU
		{3FBD9F31-571F-4A2A-AC4D-17EB405C8DD2}.Debug|x64.ActiveCfg = Debug|Any CPU
		{3FBD9F31-571F-4A2A-AC4D-17EB405C8DD2}.Debug|x64.Build.0 = Debug|Any CPU
		{3FBD9F31-571F-4A2A-AC4D-17EB405C8DD2}.Debug|x86.ActiveCfg = Debug|Any CPU
		{3FBD9F31-571F-4A2A-AC4D-17EB405C8DD2}.Debug|x86.Build.0 = Debug|Any CPU
		{3FBD9F31-571F-4A2A-AC4D-17EB405C8DD2}.Release|Any CPU.ActiveCfg = Release|Any CPU
		{3FBD9F31-571F-4A2A-AC4D-17EB405C8DD2}.Release|Any CPU.Build.0 = Release|Any CPU
		{3FBD9F31-571F-4A2A-AC4D-17EB405C8DD2}.Release|x64.ActiveCfg = Release|Any CPU
		{3FBD9F31-571F-4A2A-AC4D-17EB405C8DD2}.Release|x64.Build.0 = Release|Any CPU
		{3FBD9F31-571F-4A2A-AC4D-17EB405C8DD2}.Release|x86.ActiveCfg = Release|Any CPU
		{3FBD9F31-571F-4A2A-AC4D-17EB405C8DD2}.Release|x86.Build.0 = Release|Any CPU
		{DC493AB5-AFE1-49F5-B257-93F985C120DD}.Debug|Any CPU.ActiveCfg = Debug|Any CPU
		{DC493AB5-AFE1-49F5-B257-93F985C120DD}.Debug|Any CPU.Build.0 = Debug|Any CPU
		{DC493AB5-AFE1-49F5-B257-93F985C120DD}.Debug|x64.ActiveCfg = Debug|Any CPU
		{DC493AB5-AFE1-49F5-B257-93F985C120DD}.Debug|x64.Build.0 = Debug|Any CPU
		{DC493AB5-AFE1-49F5-B257-93F985C120DD}.Debug|x86.ActiveCfg = Debug|Any CPU
		{DC493AB5-AFE1-49F5-B257-93F985C120DD}.Debug|x86.Build.0 = Debug|Any CPU
		{DC493AB5-AFE1-49F5-B257-93F985C120DD}.Release|Any CPU.ActiveCfg = Release|Any CPU
		{DC493AB5-AFE1-49F5-B257-93F985C120DD}.Release|Any CPU.Build.0 = Release|Any CPU
		{DC493AB5-AFE1-49F5-B257-93F985C120DD}.Release|x64.ActiveCfg = Release|Any CPU
		{DC493AB5-AFE1-49F5-B257-93F985C120DD}.Release|x64.Build.0 = Release|Any CPU
		{DC493AB5-AFE1-49F5-B257-93F985C120DD}.Release|x86.ActiveCfg = Release|Any CPU
		{DC493AB5-AFE1-49F5-B257-93F985C120DD}.Release|x86.Build.0 = Release|Any CPU
		{533840EF-F46C-4646-95D6-0C41F6E3ABDD}.Debug|Any CPU.ActiveCfg = Debug|Any CPU
		{533840EF-F46C-4646-95D6-0C41F6E3ABDD}.Debug|Any CPU.Build.0 = Debug|Any CPU
		{533840EF-F46C-4646-95D6-0C41F6E3ABDD}.Debug|x64.ActiveCfg = Debug|Any CPU
		{533840EF-F46C-4646-95D6-0C41F6E3ABDD}.Debug|x64.Build.0 = Debug|Any CPU
		{533840EF-F46C-4646-95D6-0C41F6E3ABDD}.Debug|x86.ActiveCfg = Debug|Any CPU
		{533840EF-F46C-4646-95D6-0C41F6E3ABDD}.Debug|x86.Build.0 = Debug|Any CPU
		{533840EF-F46C-4646-95D6-0C41F6E3ABDD}.Release|Any CPU.ActiveCfg = Release|Any CPU
		{533840EF-F46C-4646-95D6-0C41F6E3ABDD}.Release|Any CPU.Build.0 = Release|Any CPU
		{533840EF-F46C-4646-95D6-0C41F6E3ABDD}.Release|x64.ActiveCfg = Release|Any CPU
		{533840EF-F46C-4646-95D6-0C41F6E3ABDD}.Release|x64.Build.0 = Release|Any CPU
		{533840EF-F46C-4646-95D6-0C41F6E3ABDD}.Release|x86.ActiveCfg = Release|Any CPU
		{533840EF-F46C-4646-95D6-0C41F6E3ABDD}.Release|x86.Build.0 = Release|Any CPU
		{06F5585F-06F5-43F6-9B8C-4FF02282322B}.Debug|Any CPU.ActiveCfg = Debug|Any CPU
		{06F5585F-06F5-43F6-9B8C-4FF02282322B}.Debug|Any CPU.Build.0 = Debug|Any CPU
		{06F5585F-06F5-43F6-9B8C-4FF02282322B}.Debug|x64.ActiveCfg = Debug|Any CPU
		{06F5585F-06F5-43F6-9B8C-4FF02282322B}.Debug|x64.Build.0 = Debug|Any CPU
		{06F5585F-06F5-43F6-9B8C-4FF02282322B}.Debug|x86.ActiveCfg = Debug|Any CPU
		{06F5585F-06F5-43F6-9B8C-4FF02282322B}.Debug|x86.Build.0 = Debug|Any CPU
		{06F5585F-06F5-43F6-9B8C-4FF02282322B}.Release|Any CPU.ActiveCfg = Release|Any CPU
		{06F5585F-06F5-43F6-9B8C-4FF02282322B}.Release|Any CPU.Build.0 = Release|Any CPU
		{06F5585F-06F5-43F6-9B8C-4FF02282322B}.Release|x64.ActiveCfg = Release|Any CPU
		{06F5585F-06F5-43F6-9B8C-4FF02282322B}.Release|x64.Build.0 = Release|Any CPU
		{06F5585F-06F5-43F6-9B8C-4FF02282322B}.Release|x86.ActiveCfg = Release|Any CPU
		{06F5585F-06F5-43F6-9B8C-4FF02282322B}.Release|x86.Build.0 = Release|Any CPU
		{902A3559-4458-4A30-9974-6F53A6DFC8E6}.Debug|Any CPU.ActiveCfg = Debug|Any CPU
		{902A3559-4458-4A30-9974-6F53A6DFC8E6}.Debug|Any CPU.Build.0 = Debug|Any CPU
		{902A3559-4458-4A30-9974-6F53A6DFC8E6}.Debug|x64.ActiveCfg = Debug|Any CPU
		{902A3559-4458-4A30-9974-6F53A6DFC8E6}.Debug|x64.Build.0 = Debug|Any CPU
		{902A3559-4458-4A30-9974-6F53A6DFC8E6}.Debug|x86.ActiveCfg = Debug|Any CPU
		{902A3559-4458-4A30-9974-6F53A6DFC8E6}.Debug|x86.Build.0 = Debug|Any CPU
		{902A3559-4458-4A30-9974-6F53A6DFC8E6}.Release|Any CPU.ActiveCfg = Release|Any CPU
		{902A3559-4458-4A30-9974-6F53A6DFC8E6}.Release|Any CPU.Build.0 = Release|Any CPU
		{902A3559-4458-4A30-9974-6F53A6DFC8E6}.Release|x64.ActiveCfg = Release|Any CPU
		{902A3559-4458-4A30-9974-6F53A6DFC8E6}.Release|x64.Build.0 = Release|Any CPU
		{902A3559-4458-4A30-9974-6F53A6DFC8E6}.Release|x86.ActiveCfg = Release|Any CPU
		{902A3559-4458-4A30-9974-6F53A6DFC8E6}.Release|x86.Build.0 = Release|Any CPU
	EndGlobalSection
	GlobalSection(SolutionProperties) = preSolution
		HideSolutionNode = FALSE
	EndGlobalSection
	GlobalSection(NestedProjects) = preSolution
		{DC493AB5-AFE1-49F5-B257-93F985C120DD} = {53097AF4-39D2-4501-321F-6F8206B82F7D}
		{533840EF-F46C-4646-95D6-0C41F6E3ABDD} = {53097AF4-39D2-4501-321F-6F8206B82F7D}
		{06F5585F-06F5-43F6-9B8C-4FF02282322B} = {53097AF4-39D2-4501-321F-6F8206B82F7D}
		{902A3559-4458-4A30-9974-6F53A6DFC8E6} = {53097AF4-39D2-4501-321F-6F8206B82F7D}
	EndGlobalSection
EndGlobal
